
Microsoft Visual Studio Solution File, Format Version 12.00
# Visual Studio Version 16
VisualStudioVersion = 16.0.30330.147
MinimumVisualStudioVersion = 10.0.40219.1
Project("{2150E333-8FDC-42A3-9474-1A3956D46DE8}") = "SolutionItems", "SolutionItems", "{0AC1BA86-2705-4B05-8808-4362DD86D305}"
EndProject
Project("{2150E333-8FDC-42A3-9474-1A3956D46DE8}") = "Tests", "Tests", "{4844866C-0EB7-488D-94DD-21995FBAA778}"
EndProject
Project("{2150E333-8FDC-42A3-9474-1A3956D46DE8}") = "CodeBase", "CodeBase", "{F855A3B1-CC35-48CE-84B5-755F08D8FB7D}"
EndProject
Project("{9A19103F-16F7-4668-BE54-9A1E7A4F7556}") = "Domain", "Domain\Domain.csproj", "{5DB37FDA-600C-4466-829F-87B380217B5B}"
EndProject
Project("{9A19103F-16F7-4668-BE54-9A1E7A4F7556}") = "Application", "Application\Application.csproj", "{51D01978-6B33-474A-9115-046E0AD991F3}"
EndProject
Project("{9A19103F-16F7-4668-BE54-9A1E7A4F7556}") = "Infrastructure", "Infrastructure\Infrastructure.csproj", "{11601B0C-F446-46AA-80AF-EF96374CE731}"
EndProject
Project("{9A19103F-16F7-4668-BE54-9A1E7A4F7556}") = "API", "API\API.csproj", "{3475914B-93E2-4B29-922A-9030B6FCA7C8}"
EndProject
Global
	GlobalSection(SolutionConfigurationPlatforms) = preSolution
		Debug|Any CPU = Debug|Any CPU
		Release|Any CPU = Release|Any CPU
	EndGlobalSection
	GlobalSection(ProjectConfigurationPlatforms) = postSolution
		{5DB37FDA-600C-4466-829F-87B380217B5B}.Debug|Any CPU.ActiveCfg = Debug|Any CPU
		{5DB37FDA-600C-4466-829F-87B380217B5B}.Debug|Any CPU.Build.0 = Debug|Any CPU
		{5DB37FDA-600C-4466-829F-87B380217B5B}.Release|Any CPU.ActiveCfg = Release|Any CPU
		{5DB37FDA-600C-4466-829F-87B380217B5B}.Release|Any CPU.Build.0 = Release|Any CPU
		{51D01978-6B33-474A-9115-046E0AD991F3}.Debug|Any CPU.ActiveCfg = Debug|Any CPU
		{51D01978-6B33-474A-9115-046E0AD991F3}.Debug|Any CPU.Build.0 = Debug|Any CPU
		{51D01978-6B33-474A-9115-046E0AD991F3}.Release|Any CPU.ActiveCfg = Release|Any CPU
		{51D01978-6B33-474A-9115-046E0AD991F3}.Release|Any CPU.Build.0 = Release|Any CPU
		{11601B0C-F446-46AA-80AF-EF96374CE731}.Debug|Any CPU.ActiveCfg = Debug|Any CPU
		{11601B0C-F446-46AA-80AF-EF96374CE731}.Debug|Any CPU.Build.0 = Debug|Any CPU
		{11601B0C-F446-46AA-80AF-EF96374CE731}.Release|Any CPU.ActiveCfg = Release|Any CPU
		{11601B0C-F446-46AA-80AF-EF96374CE731}.Release|Any CPU.Build.0 = Release|Any CPU
		{3475914B-93E2-4B29-922A-9030B6FCA7C8}.Debug|Any CPU.ActiveCfg = Debug|Any CPU
		{3475914B-93E2-4B29-922A-9030B6FCA7C8}.Debug|Any CPU.Build.0 = Debug|Any CPU
		{3475914B-93E2-4B29-922A-9030B6FCA7C8}.Release|Any CPU.ActiveCfg = Release|Any CPU
		{3475914B-93E2-4B29-922A-9030B6FCA7C8}.Release|Any CPU.Build.0 = Release|Any CPU
	EndGlobalSection
	GlobalSection(SolutionProperties) = preSolution
		HideSolutionNode = FALSE
	EndGlobalSection
	GlobalSection(NestedProjects) = preSolution
		{5DB37FDA-600C-4466-829F-87B380217B5B} = {F855A3B1-CC35-48CE-84B5-755F08D8FB7D}
		{51D01978-6B33-474A-9115-046E0AD991F3} = {F855A3B1-CC35-48CE-84B5-755F08D8FB7D}
		{11601B0C-F446-46AA-80AF-EF96374CE731} = {F855A3B1-CC35-48CE-84B5-755F08D8FB7D}
		{3475914B-93E2-4B29-922A-9030B6FCA7C8} = {F855A3B1-CC35-48CE-84B5-755F08D8FB7D}
	EndGlobalSection
	GlobalSection(ExtensibilityGlobals) = postSolution
		SolutionGuid = {ABD43501-0279-478D-A292-7685D63C0F2A}
	EndGlobalSection
EndGlobal
